
Microsoft Visual Studio Solution File, Format Version 12.00
# Visual Studio Version 17
VisualStudioVersion = 17.3.32922.545
MinimumVisualStudioVersion = 10.0.40219.1
Project("{9A19103F-16F7-4668-BE54-9A1E7A4F7556}") = "c_sharp5", "c_sharp5.csproj", "{802DA61A-B3DB-40AF-AFCD-4C1CF330DDB6}"
EndProject
Global
	GlobalSection(SolutionConfigurationPlatforms) = preSolution
		Debug|Any CPU = Debug|Any CPU
		Release|Any CPU = Release|Any CPU
	EndGlobalSection
	GlobalSection(ProjectConfigurationPlatforms) = postSolution
		{802DA61A-B3DB-40AF-AFCD-4C1CF330DDB6}.Debug|Any CPU.ActiveCfg = Debug|Any CPU
		{802DA61A-B3DB-40AF-AFCD-4C1CF330DDB6}.Debug|Any CPU.Build.0 = Debug|Any CPU
		{802DA61A-B3DB-40AF-AFCD-4C1CF330DDB6}.Release|Any CPU.ActiveCfg = Release|Any CPU
		{802DA61A-B3DB-40AF-AFCD-4C1CF330DDB6}.Release|Any CPU.Build.0 = Release|Any CPU
	EndGlobalSection
	GlobalSection(SolutionProperties) = preSolution
		HideSolutionNode = FALSE
	EndGlobalSection
	GlobalSection(ExtensibilityGlobals) = postSolution
		SolutionGuid = {FFBA1C58-410F-4569-BD30-BBA41B8B869B}
	EndGlobalSection
EndGlobal
